
Microsoft Visual Studio Solution File, Format Version 12.00
# Visual Studio Version 17
VisualStudioVersion = 17.14.36408.4 d17.14
MinimumVisualStudioVersion = 10.0.40219.1
Project("{FAE04EC0-301F-11D3-BF4B-00C04F79EFBC}") = "TheardingExampleApp", "TheardingExampleApp\TheardingExampleApp.csproj", "{756654F3-3514-4347-916B-AFD464637CB8}"
EndProject
Global
	GlobalSection(SolutionConfigurationPlatforms) = preSolution
		Debug|Any CPU = Debug|Any CPU
		Release|Any CPU = Release|Any CPU
	EndGlobalSection
	GlobalSection(ProjectConfigurationPlatforms) = postSolution
		{756654F3-3514-4347-916B-AFD464637CB8}.Debug|Any CPU.ActiveCfg = Debug|Any CPU
		{756654F3-3514-4347-916B-AFD464637CB8}.Debug|Any CPU.Build.0 = Debug|Any CPU
		{756654F3-3514-4347-916B-AFD464637CB8}.Release|Any CPU.ActiveCfg = Release|Any CPU
		{756654F3-3514-4347-916B-AFD464637CB8}.Release|Any CPU.Build.0 = Release|Any CPU
	EndGlobalSection
	GlobalSection(SolutionProperties) = preSolution
		HideSolutionNode = FALSE
	EndGlobalSection
	GlobalSection(ExtensibilityGlobals) = postSolution
		SolutionGuid = {0647AB1C-E35C-4343-B588-7BF9CA979F02}
	EndGlobalSection
EndGlobal
